{
  "requires": true,
  "lockfileVersion": 1,
  "dependencies": {
    "vue-icon": {
      "version": "2.1.1",
      "resolved": "https://registry.npmjs.org/vue-icon/-/vue-icon-2.1.1.tgz",
      "integrity": "sha512-CWIOChSRQ2IW8LxLGRiryBYH+LAGRSB8ponIJEMNtwFs2fBLBnkhr7ofCnneaMnsovtbIJ09CDD5vzQuiRRukw=="
    }
  }
}
